{
  "nodes": {
    "nixpkgs": {
      "locked": {
        "lastModified": 1724093265,
        "narHash": "sha256-StVQjpn22v4vzFA1HxZVhxInwJ/I5vRaSFsjgaE3MAE=",
        "owner": "nixos",
        "repo": "nixpkgs",
        "rev": "cbd64d71ea0585c10970ce1c4127ea635945fcd2",
        "type": "github"
      },
      "original": {
        "owner": "nixos",
        "repo": "nixpkgs",
        "type": "github"
      }
    },
    "root": {
      "inputs": {
        "nixpkgs": "nixpkgs"
      }
    }
  },
  "root": "root",
  "version": 7
}
